
Microsoft Visual Studio Solution File, Format Version 12.00
# Visual Studio 14
VisualStudioVersion = 14.0.25420.1
MinimumVisualStudioVersion = 10.0.40219.1
Project("{FAE04EC0-301F-11D3-BF4B-00C04F79EFBC}") = "CSharp_Advanced", "CSharp_Advanced\CSharp_Advanced.csproj", "{F46B5AA3-EE2D-4764-938A-F6598C86B9FA}"
EndProject
Project("{FAE04EC0-301F-11D3-BF4B-00C04F79EFBC}") = "Generics", "Generics\Generics.csproj", "{1EEAE071-7299-4D4F-AC40-D2AD3EB9E75C}"
EndProject
Global
	GlobalSection(SolutionConfigurationPlatforms) = preSolution
		Debug|Any CPU = Debug|Any CPU
		Release|Any CPU = Release|Any CPU
	EndGlobalSection
	GlobalSection(ProjectConfigurationPlatforms) = postSolution
		{F46B5AA3-EE2D-4764-938A-F6598C86B9FA}.Debug|Any CPU.ActiveCfg = Debug|Any CPU
		{F46B5AA3-EE2D-4764-938A-F6598C86B9FA}.Debug|Any CPU.Build.0 = Debug|Any CPU
		{F46B5AA3-EE2D-4764-938A-F6598C86B9FA}.Release|Any CPU.ActiveCfg = Release|Any CPU
		{F46B5AA3-EE2D-4764-938A-F6598C86B9FA}.Release|Any CPU.Build.0 = Release|Any CPU
		{1EEAE071-7299-4D4F-AC40-D2AD3EB9E75C}.Debug|Any CPU.ActiveCfg = Debug|Any CPU
		{1EEAE071-7299-4D4F-AC40-D2AD3EB9E75C}.Debug|Any CPU.Build.0 = Debug|Any CPU
		{1EEAE071-7299-4D4F-AC40-D2AD3EB9E75C}.Release|Any CPU.ActiveCfg = Release|Any CPU
		{1EEAE071-7299-4D4F-AC40-D2AD3EB9E75C}.Release|Any CPU.Build.0 = Release|Any CPU
	EndGlobalSection
	GlobalSection(SolutionProperties) = preSolution
		HideSolutionNode = FALSE
	EndGlobalSection
EndGlobal
